
Microsoft Visual Studio Solution File, Format Version 12.00
# Visual Studio 15
VisualStudioVersion = 15.0.28307.960
MinimumVisualStudioVersion = 10.0.40219.1
Project("{FAE04EC0-301F-11D3-BF4B-00C04F79EFBC}") = "CrawlerForEth", "CrawlerForEth\CrawlerForEth.csproj", "{4F5B7363-0A19-40ED-962C-3D2A8DB6BD48}"
EndProject
Project("{FAE04EC0-301F-11D3-BF4B-00C04F79EFBC}") = "FDCrawler", "FDCrawler\FDCrawler.csproj", "{E5C4861C-031C-4705-A2EA-0BBC7F66660F}"
EndProject
Global
	GlobalSection(SolutionConfigurationPlatforms) = preSolution
		Debug|Any CPU = Debug|Any CPU
		Release|Any CPU = Release|Any CPU
	EndGlobalSection
	GlobalSection(ProjectConfigurationPlatforms) = postSolution
		{4F5B7363-0A19-40ED-962C-3D2A8DB6BD48}.Debug|Any CPU.ActiveCfg = Debug|Any CPU
		{4F5B7363-0A19-40ED-962C-3D2A8DB6BD48}.Debug|Any CPU.Build.0 = Debug|Any CPU
		{4F5B7363-0A19-40ED-962C-3D2A8DB6BD48}.Release|Any CPU.ActiveCfg = Release|Any CPU
		{4F5B7363-0A19-40ED-962C-3D2A8DB6BD48}.Release|Any CPU.Build.0 = Release|Any CPU
		{E5C4861C-031C-4705-A2EA-0BBC7F66660F}.Debug|Any CPU.ActiveCfg = Debug|Any CPU
		{E5C4861C-031C-4705-A2EA-0BBC7F66660F}.Debug|Any CPU.Build.0 = Debug|Any CPU
		{E5C4861C-031C-4705-A2EA-0BBC7F66660F}.Release|Any CPU.ActiveCfg = Release|Any CPU
		{E5C4861C-031C-4705-A2EA-0BBC7F66660F}.Release|Any CPU.Build.0 = Release|Any CPU
	EndGlobalSection
	GlobalSection(SolutionProperties) = preSolution
		HideSolutionNode = FALSE
	EndGlobalSection
	GlobalSection(ExtensibilityGlobals) = postSolution
		SolutionGuid = {7ACACC30-BC8F-4AA9-8022-8345FB708A30}
	EndGlobalSection
EndGlobal
